<?xml version="1.0" encoding="utf-8"?>
<Project ToolsVersion="4.0" xmlns="http://schemas.microsoft.com/developer/msbuild/2003">
  <ItemGroup>
    <Filter Include="소스 파일">
      <UniqueIdentifier>{4FC737F1-C7A5-4376-A066-2A32D752A2FF}</UniqueIdentifier>
      <Extensions>cpp;c;cc;cxx;c++;cppm;ixx;def;odl;idl;hpj;bat;asm;asmx</Extensions>
    </Filter>
    <Filter Include="헤더 파일">
      <UniqueIdentifier>{93995380-89BD-4b04-88EB-625FBE52EBFB}</UniqueIdentifier>
      <Extensions>h;hh;hpp;hxx;h++;hm;inl;inc;ipp;xsd</Extensions>
    </Filter>
    <Filter Include="리소스 파일">
      <UniqueIdentifier>{67DA6AB6-F800-4c08-8B7A-83BB121AAD01}</UniqueIdentifier>
      <Extensions>rc;ico;cur;bmp;dlg;rc2;rct;bin;rgs;gif;jpg;jpeg;jpe;resx;tiff;tif;png;wav;mfcribbon-ms</Extensions>
    </Filter>
    <Filter Include="Array">
      <UniqueIdentifier>{73f9deb7-cd74-42e1-acc0-ac123eaa79c8}</UniqueIdentifier>
    </Filter>
    <Filter Include="LinkedList">
      <UniqueIdentifier>{ea38593b-05a9-42e5-adef-d55ce1506e74}</UniqueIdentifier>
    </Filter>
  </ItemGroup>
  <ItemGroup>
    <ClCompile Include="main1.cpp">
      <Filter>헤더 파일</Filter>
    </ClCompile>
    <ClCompile Include="func.cpp">
      <Filter>소스 파일</Filter>
    </ClCompile>
    <ClCompile Include="main2.cpp">
      <Filter>헤더 파일</Filter>
    </ClCompile>
    <ClCompile Include="main3.cpp">
      <Filter>헤더 파일</Filter>
    </ClCompile>
    <ClCompile Include="Arr.cpp">
      <Filter>Array</Filter>
    </ClCompile>
    <ClCompile Include="main4.cpp">
      <Filter>헤더 파일</Filter>
    </ClCompile>
    <ClCompile Include="LinkedList.cpp">
      <Filter>LinkedList</Filter>
    </ClCompile>
    <ClCompile Include="main5.cpp">
      <Filter>헤더 파일</Filter>
    </ClCompile>
    <ClCompile Include="main6.cpp">
      <Filter>헤더 파일</Filter>
    </ClCompile>
    <ClCompile Include="CArr.cpp">
      <Filter>소스 파일</Filter>
    </ClCompile>
    <ClCompile Include="main7.cpp">
      <Filter>헤더 파일</Filter>
    </ClCompile>
  </ItemGroup>
  <ItemGroup>
    <ClInclude Include="func.h">
      <Filter>헤더 파일</Filter>
    </ClInclude>
    <ClInclude Include="common.h">
      <Filter>헤더 파일</Filter>
    </ClInclude>
    <ClInclude Include="Arr.h">
      <Filter>Array</Filter>
    </ClInclude>
    <ClInclude Include="LinkedList.h">
      <Filter>LinkedList</Filter>
    </ClInclude>
    <ClInclude Include="CArr.h">
      <Filter>Array</Filter>
    </ClInclude>
    <ClInclude Include="CList.h">
      <Filter>LinkedList</Filter>
    </ClInclude>
  </ItemGroup>
</Project>